
Microsoft Visual Studio Solution File, Format Version 12.00
# Visual Studio Version 16
VisualStudioVersion = 16.0.30717.126
MinimumVisualStudioVersion = 10.0.40219.1
Project("{FAE04EC0-301F-11D3-BF4B-00C04F79EFBC}") = "HalloDataset", "HalloDataset\HalloDataset.csproj", "{D34B4472-35EE-427E-A97C-DE4325FBD2D6}"
EndProject
Global
	GlobalSection(SolutionConfigurationPlatforms) = preSolution
		Debug|Any CPU = Debug|Any CPU
		Release|Any CPU = Release|Any CPU
	EndGlobalSection
	GlobalSection(ProjectConfigurationPlatforms) = postSolution
		{D34B4472-35EE-427E-A97C-DE4325FBD2D6}.Debug|Any CPU.ActiveCfg = Debug|Any CPU
		{D34B4472-35EE-427E-A97C-DE4325FBD2D6}.Debug|Any CPU.Build.0 = Debug|Any CPU
		{D34B4472-35EE-427E-A97C-DE4325FBD2D6}.Release|Any CPU.ActiveCfg = Release|Any CPU
		{D34B4472-35EE-427E-A97C-DE4325FBD2D6}.Release|Any CPU.Build.0 = Release|Any CPU
	EndGlobalSection
	GlobalSection(SolutionProperties) = preSolution
		HideSolutionNode = FALSE
	EndGlobalSection
	GlobalSection(ExtensibilityGlobals) = postSolution
		SolutionGuid = {5313EBD1-C594-49E5-8467-EE307347CE0E}
	EndGlobalSection
EndGlobal
