
Microsoft Visual Studio Solution File, Format Version 12.00
# Visual Studio Version 16
VisualStudioVersion = 16.0.30717.126
MinimumVisualStudioVersion = 10.0.40219.1
Project("{FAE04EC0-301F-11D3-BF4B-00C04F79EFBC}") = "HalloDatenbank", "HalloDatenbank\HalloDatenbank.csproj", "{38B74DE3-01FC-4243-9D22-992BC214EED0}"
EndProject
Global
	GlobalSection(SolutionConfigurationPlatforms) = preSolution
		Debug|Any CPU = Debug|Any CPU
		Release|Any CPU = Release|Any CPU
	EndGlobalSection
	GlobalSection(ProjectConfigurationPlatforms) = postSolution
		{38B74DE3-01FC-4243-9D22-992BC214EED0}.Debug|Any CPU.ActiveCfg = Debug|Any CPU
		{38B74DE3-01FC-4243-9D22-992BC214EED0}.Debug|Any CPU.Build.0 = Debug|Any CPU
		{38B74DE3-01FC-4243-9D22-992BC214EED0}.Release|Any CPU.ActiveCfg = Release|Any CPU
		{38B74DE3-01FC-4243-9D22-992BC214EED0}.Release|Any CPU.Build.0 = Release|Any CPU
	EndGlobalSection
	GlobalSection(SolutionProperties) = preSolution
		HideSolutionNode = FALSE
	EndGlobalSection
	GlobalSection(ExtensibilityGlobals) = postSolution
		SolutionGuid = {DBF62EC5-D59D-4AD6-83A9-6C0F44E6389D}
	EndGlobalSection
EndGlobal
